// !$*UTF8*$!
{
	archiveVersion = 1;
	classes = {
	};
	objectVersion = 46;
	objects = {

/* Begin PBXBuildFile section */
		F111E17C15B586CF00237E41 /* ios_development-1.cer in Resources */ = {isa = PBXBuildFile; fileRef = F111E17B15B586CF00237E41 /* ios_development-1.cer */; };
		F126BAE615C7582900739C05 /* KeyboardExtensionAppDelegate.m in Sources */ = {isa = PBXBuildFile; fileRef = F126BAE515C7582900739C05 /* KeyboardExtensionAppDelegate.m */; };
		F126BAE715C7583800739C05 /* KeyboardExtensionAppDelegate.m in Sources */ = {isa = PBXBuildFile; fileRef = F126BAE515C7582900739C05 /* KeyboardExtensionAppDelegate.m */; };
		F126BAEA15C758E900739C05 /* blankdown.png in Resources */ = {isa = PBXBuildFile; fileRef = F126BAE815C758E900739C05 /* blankdown.png */; };
		F126BAEB15C758E900739C05 /* blankUp.png in Resources */ = {isa = PBXBuildFile; fileRef = F126BAE915C758E900739C05 /* blankUp.png */; };
		F1441C4815C438280003DDBE /* MessageUI.framework in Frameworks */ = {isa = PBXBuildFile; fileRef = F1441C4715C438280003DDBE /* MessageUI.framework */; };
		F1478C4C1632D14400C1AC2A /* Shift.m in Sources */ = {isa = PBXBuildFile; fileRef = F1478C4B1632D14400C1AC2A /* Shift.m */; };
		F16ADF7815AE3AF0001E4722 /* UIKit.framework in Frameworks */ = {isa = PBXBuildFile; fileRef = F16ADF7715AE3AF0001E4722 /* UIKit.framework */; };
		F16ADF7A15AE3AF0001E4722 /* Foundation.framework in Frameworks */ = {isa = PBXBuildFile; fileRef = F16ADF7915AE3AF0001E4722 /* Foundation.framework */; };
		F16ADF7C15AE3AF0001E4722 /* CoreGraphics.framework in Frameworks */ = {isa = PBXBuildFile; fileRef = F16ADF7B15AE3AF0001E4722 /* CoreGraphics.framework */; };
		F16ADF8215AE3AF0001E4722 /* InfoPlist.strings in Resources */ = {isa = PBXBuildFile; fileRef = F16ADF8015AE3AF0001E4722 /* InfoPlist.strings */; };
		F16ADF8415AE3AF0001E4722 /* main.m in Sources */ = {isa = PBXBuildFile; fileRef = F16ADF8315AE3AF0001E4722 /* main.m */; };
		F16ADF8815AE3AF0001E4722 /* VenueClassicAppDelegate.m in Sources */ = {isa = PBXBuildFile; fileRef = F16ADF8715AE3AF0001E4722 /* VenueClassicAppDelegate.m */; };
		F16ADF8B15AE3AF0001E4722 /* MainStoryboard.storyboard in Resources */ = {isa = PBXBuildFile; fileRef = F16ADF8915AE3AF0001E4722 /* MainStoryboard.storyboard */; };
		F16ADF9615AE3AF0001E4722 /* SenTestingKit.framework in Frameworks */ = {isa = PBXBuildFile; fileRef = F16ADF9515AE3AF0001E4722 /* SenTestingKit.framework */; };
		F16ADF9715AE3AF0001E4722 /* UIKit.framework in Frameworks */ = {isa = PBXBuildFile; fileRef = F16ADF7715AE3AF0001E4722 /* UIKit.framework */; };
		F16ADF9815AE3AF0001E4722 /* Foundation.framework in Frameworks */ = {isa = PBXBuildFile; fileRef = F16ADF7915AE3AF0001E4722 /* Foundation.framework */; };
		F16ADFA015AE3AF0001E4722 /* InfoPlist.strings in Resources */ = {isa = PBXBuildFile; fileRef = F16ADF9E15AE3AF0001E4722 /* InfoPlist.strings */; };
		F16ADFA315AE3AF0001E4722 /* VenueClassicTests.m in Sources */ = {isa = PBXBuildFile; fileRef = F16ADFA215AE3AF0001E4722 /* VenueClassicTests.m */; };
		F16ADFB315AE3B46001E4722 /* Default.png in Resources */ = {isa = PBXBuildFile; fileRef = F16ADFB115AE3B46001E4722 /* Default.png */; };
		F16ADFB415AE3B46001E4722 /* Default@2x.png in Resources */ = {isa = PBXBuildFile; fileRef = F16ADFB215AE3B46001E4722 /* Default@2x.png */; };
		F16ADFB615AE3B4D001E4722 /* mainscreen.png in Resources */ = {isa = PBXBuildFile; fileRef = F16ADFB515AE3B4D001E4722 /* mainscreen.png */; };
		F16ADFB815AE3B57001E4722 /* mainscreen@2x.png in Resources */ = {isa = PBXBuildFile; fileRef = F16ADFB715AE3B57001E4722 /* mainscreen@2x.png */; };
		F1742C0A15C9558B0020110F /* EndAppViewController.m in Sources */ = {isa = PBXBuildFile; fileRef = F1742C0915C9558B0020110F /* EndAppViewController.m */; };
		F175117715BABF5800B4A37F /* Icon-72.png in Resources */ = {isa = PBXBuildFile; fileRef = F175116F15BABF5800B4A37F /* Icon-72.png */; };
		F175117815BABF5800B4A37F /* Icon-72@2x.png in Resources */ = {isa = PBXBuildFile; fileRef = F175117015BABF5800B4A37F /* Icon-72@2x.png */; };
		F175117915BABF5800B4A37F /* Icon-Small-50.png in Resources */ = {isa = PBXBuildFile; fileRef = F175117115BABF5800B4A37F /* Icon-Small-50.png */; };
		F175117A15BABF5800B4A37F /* Icon-Small-50@2x.png in Resources */ = {isa = PBXBuildFile; fileRef = F175117215BABF5800B4A37F /* Icon-Small-50@2x.png */; };
		F175117B15BABF5800B4A37F /* Icon-Small.png in Resources */ = {isa = PBXBuildFile; fileRef = F175117315BABF5800B4A37F /* Icon-Small.png */; };
		F175117C15BABF5800B4A37F /* Icon-Small@2x.png in Resources */ = {isa = PBXBuildFile; fileRef = F175117415BABF5800B4A37F /* Icon-Small@2x.png */; };
		F175117D15BABF5800B4A37F /* Icon.png in Resources */ = {isa = PBXBuildFile; fileRef = F175117515BABF5800B4A37F /* Icon.png */; };
		F175117E15BABF5800B4A37F /* Icon@2x.png in Resources */ = {isa = PBXBuildFile; fileRef = F175117615BABF5800B4A37F /* Icon@2x.png */; };
		F1889A5E15B447D9007BD512 /* endshiftup.png in Resources */ = {isa = PBXBuildFile; fileRef = F1889A5D15B447D9007BD512 /* endshiftup.png */; };
		F193EA2D15AEE5A8001CA48E /* beginshiftdown.png in Resources */ = {isa = PBXBuildFile; fileRef = F193EA2015AEE5A8001CA48E /* beginshiftdown.png */; };
		F193EA2E15AEE5A8001CA48E /* beginshiftup.png in Resources */ = {isa = PBXBuildFile; fileRef = F193EA2115AEE5A8001CA48E /* beginshiftup.png */; };
		F193EA3015AEE5A8001CA48E /* endshiftdown.png in Resources */ = {isa = PBXBuildFile; fileRef = F193EA2315AEE5A8001CA48E /* endshiftdown.png */; };
		F193EA3115AEE5A8001CA48E /* nextdown.png in Resources */ = {isa = PBXBuildFile; fileRef = F193EA2415AEE5A8001CA48E /* nextdown.png */; };
		F193EA3215AEE5A8001CA48E /* nextup.png in Resources */ = {isa = PBXBuildFile; fileRef = F193EA2515AEE5A8001CA48E /* nextup.png */; };
		F193EA3315AEE5A8001CA48E /* reset.png in Resources */ = {isa = PBXBuildFile; fileRef = F193EA2615AEE5A8001CA48E /* reset.png */; };
		F193EA3415AEE5A8001CA48E /* resetdown.png in Resources */ = {isa = PBXBuildFile; fileRef = F193EA2715AEE5A8001CA48E /* resetdown.png */; };
		F193EA3515AEE5A8001CA48E /* resetup.png in Resources */ = {isa = PBXBuildFile; fileRef = F193EA2815AEE5A8001CA48E /* resetup.png */; };
		F193EA3615AEE5A8001CA48E /* startpauseresumedown.png in Resources */ = {isa = PBXBuildFile; fileRef = F193EA2915AEE5A8001CA48E /* startpauseresumedown.png */; };
		F193EA3715AEE5A8001CA48E /* startpauseresumeup.png in Resources */ = {isa = PBXBuildFile; fileRef = F193EA2A15AEE5A8001CA48E /* startpauseresumeup.png */; };
		F193EA3815AEE5A8001CA48E /* stopnextdown.png in Resources */ = {isa = PBXBuildFile; fileRef = F193EA2B15AEE5A8001CA48E /* stopnextdown.png */; };
		F193EA3915AEE5A8001CA48E /* stopnextup.png in Resources */ = {isa = PBXBuildFile; fileRef = F193EA2C15AEE5A8001CA48E /* stopnextup.png */; };
		F193EA4215AF48B4001CA48E /* VenueClassicViewController.m in Sources */ = {isa = PBXBuildFile; fileRef = F193EA4115AF48B4001CA48E /* VenueClassicViewController.m */; };
		F193EA4915AF4987001CA48E /* InformationViewController.m in Sources */ = {isa = PBXBuildFile; fileRef = F193EA4815AF4987001CA48E /* InformationViewController.m */; };
		F1971DC41635C8BA00A0A95F /* ios_development.cer in Resources */ = {isa = PBXBuildFile; fileRef = F1971DC31635C8BA00A0A95F /* ios_development.cer */; };
		F1971DC71635C93600A0A95F /* Venue_Classic.mobileprovision in Resources */ = {isa = PBXBuildFile; fileRef = F1971DC61635C93600A0A95F /* Venue_Classic.mobileprovision */; };
		F1A1F34D15C41DE300FC44C8 /* doneup.png in Resources */ = {isa = PBXBuildFile; fileRef = F1A1F34C15C41DE300FC44C8 /* doneup.png */; };
		F1A1F35015C41DEB00FC44C8 /* donedown.png in Resources */ = {isa = PBXBuildFile; fileRef = F1A1F34F15C41DEB00FC44C8 /* donedown.png */; };
		F1C41D6815B792F800B3CB88 /* DisplayViewController.m in Sources */ = {isa = PBXBuildFile; fileRef = F1C41D6715B792F800B3CB88 /* DisplayViewController.m */; };
		F1C41D6A15B793AA00B3CB88 /* DisplayViewController.m in Sources */ = {isa = PBXBuildFile; fileRef = F1C41D6715B792F800B3CB88 /* DisplayViewController.m */; };
		F1C41D6C15B8D1B100B3CB88 /* alarmon.png in Resources */ = {isa = PBXBuildFile; fileRef = F1C41D6B15B8D1B100B3CB88 /* alarmon.png */; };
		F1CF677D15C047B00029E100 /* AudioToolbox.framework in Frameworks */ = {isa = PBXBuildFile; fileRef = F1CF677C15C047AF0029E100 /* AudioToolbox.framework */; };
		F1CF678215C054900029E100 /* AVFoundation.framework in Frameworks */ = {isa = PBXBuildFile; fileRef = F1CF678115C054900029E100 /* AVFoundation.framework */; };
		F1CF678415C0670D0029E100 /* MSCTY.mp3 in Resources */ = {isa = PBXBuildFile; fileRef = F1CF678315C0670D0029E100 /* MSCTY.mp3 */; };
		FAD84AD115BDFAF0007E4A6D /* lock_image.png in Resources */ = {isa = PBXBuildFile; fileRef = FAD84ACE15BDFAF0007E4A6D /* lock_image.png */; };
		FAD84AD215BDFAF0007E4A6D /* SlideToStop.png in Resources */ = {isa = PBXBuildFile; fileRef = FAD84ACF15BDFAF0007E4A6D /* SlideToStop.png */; };
		FAD84AD315BDFAF0007E4A6D /* SlideToStopBar.png in Resources */ = {isa = PBXBuildFile; fileRef = FAD84AD015BDFAF0007E4A6D /* SlideToStopBar.png */; };
/* End PBXBuildFile section */

/* Begin PBXContainerItemProxy section */
		F16ADF9915AE3AF0001E4722 /* PBXContainerItemProxy */ = {
			isa = PBXContainerItemProxy;
			containerPortal = F16ADF6A15AE3AF0001E4722 /* Project object */;
			proxyType = 1;
			remoteGlobalIDString = F16ADF7215AE3AF0001E4722;
			remoteInfo = VenueClassic;
		};
/* End PBXContainerItemProxy section */

/* Begin PBXFileReference section */
		F111E17B15B586CF00237E41 /* ios_development-1.cer */ = {isa = PBXFileReference; lastKnownFileType = file; path = "ios_development-1.cer"; sourceTree = "<group>"; };
		F126BAE415C7582900739C05 /* KeyboardExtensionAppDelegate.h */ = {isa = PBXFileReference; fileEncoding = 4; lastKnownFileType = sourcecode.c.h; path = KeyboardExtensionAppDelegate.h; sourceTree = "<group>"; };
		F126BAE515C7582900739C05 /* KeyboardExtensionAppDelegate.m */ = {isa = PBXFileReference; fileEncoding = 4; lastKnownFileType = sourcecode.c.objc; path = KeyboardExtensionAppDelegate.m; sourceTree = "<group>"; };
		F126BAE815C758E900739C05 /* blankdown.png */ = {isa = PBXFileReference; lastKnownFileType = image.png; path = blankdown.png; sourceTree = "<group>"; };
		F126BAE915C758E900739C05 /* blankUp.png */ = {isa = PBXFileReference; lastKnownFileType = image.png; path = blankUp.png; sourceTree = "<group>"; };
		F1441C4715C438280003DDBE /* MessageUI.framework */ = {isa = PBXFileReference; lastKnownFileType = wrapper.framework; name = MessageUI.framework; path = System/Library/Frameworks/MessageUI.framework; sourceTree = SDKROOT; };
		F1478C4A1632D14400C1AC2A /* Shift.h */ = {isa = PBXFileReference; fileEncoding = 4; lastKnownFileType = sourcecode.c.h; path = Shift.h; sourceTree = "<group>"; };
		F1478C4B1632D14400C1AC2A /* Shift.m */ = {isa = PBXFileReference; fileEncoding = 4; lastKnownFileType = sourcecode.c.objc; path = Shift.m; sourceTree = "<group>"; };
		F16ADF7315AE3AF0001E4722 /* VenueClassic.app */ = {isa = PBXFileReference; explicitFileType = wrapper.application; includeInIndex = 0; path = VenueClassic.app; sourceTree = BUILT_PRODUCTS_DIR; };
		F16ADF7715AE3AF0001E4722 /* UIKit.framework */ = {isa = PBXFileReference; lastKnownFileType = wrapper.framework; name = UIKit.framework; path = System/Library/Frameworks/UIKit.framework; sourceTree = SDKROOT; };
		F16ADF7915AE3AF0001E4722 /* Foundation.framework */ = {isa = PBXFileReference; lastKnownFileType = wrapper.framework; name = Foundation.framework; path = System/Library/Frameworks/Foundation.framework; sourceTree = SDKROOT; };
		F16ADF7B15AE3AF0001E4722 /* CoreGraphics.framework */ = {isa = PBXFileReference; lastKnownFileType = wrapper.framework; name = CoreGraphics.framework; path = System/Library/Frameworks/CoreGraphics.framework; sourceTree = SDKROOT; };
		F16ADF7F15AE3AF0001E4722 /* VenueClassic-Info.plist */ = {isa = PBXFileReference; lastKnownFileType = text.plist.xml; path = "VenueClassic-Info.plist"; sourceTree = "<group>"; };
		F16ADF8115AE3AF0001E4722 /* en */ = {isa = PBXFileReference; lastKnownFileType = text.plist.strings; name = en; path = en.lproj/InfoPlist.strings; sourceTree = "<group>"; };
		F16ADF8315AE3AF0001E4722 /* main.m */ = {isa = PBXFileReference; lastKnownFileType = sourcecode.c.objc; path = main.m; sourceTree = "<group>"; };
		F16ADF8515AE3AF0001E4722 /* VenueClassic-Prefix.pch */ = {isa = PBXFileReference; lastKnownFileType = sourcecode.c.h; path = "VenueClassic-Prefix.pch"; sourceTree = "<group>"; };
		F16ADF8615AE3AF0001E4722 /* VenueClassicAppDelegate.h */ = {isa = PBXFileReference; lastKnownFileType = sourcecode.c.h; path = VenueClassicAppDelegate.h; sourceTree = "<group>"; };
		F16ADF8715AE3AF0001E4722 /* VenueClassicAppDelegate.m */ = {isa = PBXFileReference; lastKnownFileType = sourcecode.c.objc; path = VenueClassicAppDelegate.m; sourceTree = "<group>"; };
		F16ADF8A15AE3AF0001E4722 /* en */ = {isa = PBXFileReference; lastKnownFileType = file.storyboard; name = en; path = en.lproj/MainStoryboard.storyboard; sourceTree = "<group>"; };
		F16ADF9415AE3AF0001E4722 /* VenueClassicTests.octest */ = {isa = PBXFileReference; explicitFileType = wrapper.cfbundle; includeInIndex = 0; path = VenueClassicTests.octest; sourceTree = BUILT_PRODUCTS_DIR; };
		F16ADF9515AE3AF0001E4722 /* SenTestingKit.framework */ = {isa = PBXFileReference; lastKnownFileType = wrapper.framework; name = SenTestingKit.framework; path = Library/Frameworks/SenTestingKit.framework; sourceTree = DEVELOPER_DIR; };
		F16ADF9D15AE3AF0001E4722 /* VenueClassicTests-Info.plist */ = {isa = PBXFileReference; lastKnownFileType = text.plist.xml; path = "VenueClassicTests-Info.plist"; sourceTree = "<group>"; };
		F16ADF9F15AE3AF0001E4722 /* en */ = {isa = PBXFileReference; lastKnownFileType = text.plist.strings; name = en; path = en.lproj/InfoPlist.strings; sourceTree = "<group>"; };
		F16ADFA115AE3AF0001E4722 /* VenueClassicTests.h */ = {isa = PBXFileReference; lastKnownFileType = sourcecode.c.h; path = VenueClassicTests.h; sourceTree = "<group>"; };
		F16ADFA215AE3AF0001E4722 /* VenueClassicTests.m */ = {isa = PBXFileReference; lastKnownFileType = sourcecode.c.objc; path = VenueClassicTests.m; sourceTree = "<group>"; };
		F16ADFB115AE3B46001E4722 /* Default.png */ = {isa = PBXFileReference; lastKnownFileType = image.png; path = Default.png; sourceTree = "<group>"; };
		F16ADFB215AE3B46001E4722 /* Default@2x.png */ = {isa = PBXFileReference; lastKnownFileType = image.png; path = "Default@2x.png"; sourceTree = "<group>"; };
		F16ADFB515AE3B4D001E4722 /* mainscreen.png */ = {isa = PBXFileReference; lastKnownFileType = image.png; path = mainscreen.png; sourceTree = "<group>"; };
		F16ADFB715AE3B57001E4722 /* mainscreen@2x.png */ = {isa = PBXFileReference; lastKnownFileType = image.png; path = "mainscreen@2x.png"; sourceTree = "<group>"; };
		F1742C0815C9558B0020110F /* EndAppViewController.h */ = {isa = PBXFileReference; fileEncoding = 4; lastKnownFileType = sourcecode.c.h; path = EndAppViewController.h; sourceTree = "<group>"; };
		F1742C0915C9558B0020110F /* EndAppViewController.m */ = {isa = PBXFileReference; fileEncoding = 4; lastKnownFileType = sourcecode.c.objc; path = EndAppViewController.m; sourceTree = "<group>"; };
		F175116F15BABF5800B4A37F /* Icon-72.png */ = {isa = PBXFileReference; lastKnownFileType = image.png; path = "Icon-72.png"; sourceTree = "<group>"; };
		F175117015BABF5800B4A37F /* Icon-72@2x.png */ = {isa = PBXFileReference; lastKnownFileType = image.png; path = "Icon-72@2x.png"; sourceTree = "<group>"; };
		F175117115BABF5800B4A37F /* Icon-Small-50.png */ = {isa = PBXFileReference; lastKnownFileType = image.png; path = "Icon-Small-50.png"; sourceTree = "<group>"; };
		F175117215BABF5800B4A37F /* Icon-Small-50@2x.png */ = {isa = PBXFileReference; lastKnownFileType = image.png; path = "Icon-Small-50@2x.png"; sourceTree = "<group>"; };
		F175117315BABF5800B4A37F /* Icon-Small.png */ = {isa = PBXFileReference; lastKnownFileType = image.png; path = "Icon-Small.png"; sourceTree = "<group>"; };
		F175117415BABF5800B4A37F /* Icon-Small@2x.png */ = {isa = PBXFileReference; lastKnownFileType = image.png; path = "Icon-Small@2x.png"; sourceTree = "<group>"; };
		F175117515BABF5800B4A37F /* Icon.png */ = {isa = PBXFileReference; lastKnownFileType = image.png; path = Icon.png; sourceTree = "<group>"; };
		F175117615BABF5800B4A37F /* Icon@2x.png */ = {isa = PBXFileReference; lastKnownFileType = image.png; path = "Icon@2x.png"; sourceTree = "<group>"; };
		F1889A5D15B447D9007BD512 /* endshiftup.png */ = {isa = PBXFileReference; lastKnownFileType = image.png; path = endshiftup.png; sourceTree = "<group>"; };
		F193EA2015AEE5A8001CA48E /* beginshiftdown.png */ = {isa = PBXFileReference; lastKnownFileType = image.png; name = beginshiftdown.png; path = newimages/beginshiftdown.png; sourceTree = "<group>"; };
		F193EA2115AEE5A8001CA48E /* beginshiftup.png */ = {isa = PBXFileReference; lastKnownFileType = image.png; name = beginshiftup.png; path = newimages/beginshiftup.png; sourceTree = "<group>"; };
		F193EA2315AEE5A8001CA48E /* endshiftdown.png */ = {isa = PBXFileReference; lastKnownFileType = image.png; name = endshiftdown.png; path = newimages/endshiftdown.png; sourceTree = "<group>"; };
		F193EA2415AEE5A8001CA48E /* nextdown.png */ = {isa = PBXFileReference; lastKnownFileType = image.png; name = nextdown.png; path = newimages/nextdown.png; sourceTree = "<group>"; };
		F193EA2515AEE5A8001CA48E /* nextup.png */ = {isa = PBXFileReference; lastKnownFileType = image.png; name = nextup.png; path = newimages/nextup.png; sourceTree = "<group>"; };
		F193EA2615AEE5A8001CA48E /* reset.png */ = {isa = PBXFileReference; lastKnownFileType = image.png; name = reset.png; path = newimages/reset.png; sourceTree = "<group>"; };
		F193EA2715AEE5A8001CA48E /* resetdown.png */ = {isa = PBXFileReference; lastKnownFileType = image.png; name = resetdown.png; path = newimages/resetdown.png; sourceTree = "<group>"; };
		F193EA2815AEE5A8001CA48E /* resetup.png */ = {isa = PBXFileReference; lastKnownFileType = image.png; name = resetup.png; path = newimages/resetup.png; sourceTree = "<group>"; };
		F193EA2915AEE5A8001CA48E /* startpauseresumedown.png */ = {isa = PBXFileReference; lastKnownFileType = image.png; name = startpauseresumedown.png; path = newimages/startpauseresumedown.png; sourceTree = "<group>"; };
		F193EA2A15AEE5A8001CA48E /* startpauseresumeup.png */ = {isa = PBXFileReference; lastKnownFileType = image.png; name = startpauseresumeup.png; path = newimages/startpauseresumeup.png; sourceTree = "<group>"; };
		F193EA2B15AEE5A8001CA48E /* stopnextdown.png */ = {isa = PBXFileReference; lastKnownFileType = image.png; name = stopnextdown.png; path = newimages/stopnextdown.png; sourceTree = "<group>"; };
		F193EA2C15AEE5A8001CA48E /* stopnextup.png */ = {isa = PBXFileReference; lastKnownFileType = image.png; name = stopnextup.png; path = newimages/stopnextup.png; sourceTree = "<group>"; };
		F193EA4015AF48B4001CA48E /* VenueClassicViewController.h */ = {isa = PBXFileReference; fileEncoding = 4; lastKnownFileType = sourcecode.c.h; path = VenueClassicViewController.h; sourceTree = "<group>"; };
		F193EA4115AF48B4001CA48E /* VenueClassicViewController.m */ = {isa = PBXFileReference; fileEncoding = 4; lastKnownFileType = sourcecode.c.objc; path = VenueClassicViewController.m; sourceTree = "<group>"; };
		F193EA4715AF4987001CA48E /* InformationViewController.h */ = {isa = PBXFileReference; fileEncoding = 4; lastKnownFileType = sourcecode.c.h; path = InformationViewController.h; sourceTree = "<group>"; };
		F193EA4815AF4987001CA48E /* InformationViewController.m */ = {isa = PBXFileReference; fileEncoding = 4; lastKnownFileType = sourcecode.c.objc; path = InformationViewController.m; sourceTree = "<group>"; };
		F1971DC31635C8BA00A0A95F /* ios_development.cer */ = {isa = PBXFileReference; lastKnownFileType = file; path = ios_development.cer; sourceTree = "<group>"; };
		F1971DC61635C93600A0A95F /* Venue_Classic.mobileprovision */ = {isa = PBXFileReference; lastKnownFileType = file; path = Venue_Classic.mobileprovision; sourceTree = "<group>"; };
		F1A1F34C15C41DE300FC44C8 /* doneup.png */ = {isa = PBXFileReference; lastKnownFileType = image.png; path = doneup.png; sourceTree = "<group>"; };
		F1A1F34F15C41DEB00FC44C8 /* donedown.png */ = {isa = PBXFileReference; lastKnownFileType = image.png; path = donedown.png; sourceTree = "<group>"; };
		F1C41D6615B792F800B3CB88 /* DisplayViewController.h */ = {isa = PBXFileReference; fileEncoding = 4; lastKnownFileType = sourcecode.c.h; path = DisplayViewController.h; sourceTree = "<group>"; };
		F1C41D6715B792F800B3CB88 /* DisplayViewController.m */ = {isa = PBXFileReference; fileEncoding = 4; lastKnownFileType = sourcecode.c.objc; path = DisplayViewController.m; sourceTree = "<group>"; };
		F1C41D6B15B8D1B100B3CB88 /* alarmon.png */ = {isa = PBXFileReference; lastKnownFileType = image.png; path = alarmon.png; sourceTree = "<group>"; };
		F1CF677C15C047AF0029E100 /* AudioToolbox.framework */ = {isa = PBXFileReference; lastKnownFileType = wrapper.framework; name = AudioToolbox.framework; path = System/Library/Frameworks/AudioToolbox.framework; sourceTree = SDKROOT; };
		F1CF678115C054900029E100 /* AVFoundation.framework */ = {isa = PBXFileReference; lastKnownFileType = wrapper.framework; name = AVFoundation.framework; path = System/Library/Frameworks/AVFoundation.framework; sourceTree = SDKROOT; };
		F1CF678315C0670D0029E100 /* MSCTY.mp3 */ = {isa = PBXFileReference; lastKnownFileType = audio.mp3; path = MSCTY.mp3; sourceTree = "<group>"; };
		FAD84ACE15BDFAF0007E4A6D /* lock_image.png */ = {isa = PBXFileReference; lastKnownFileType = image.png; path = lock_image.png; sourceTree = "<group>"; };
		FAD84ACF15BDFAF0007E4A6D /* SlideToStop.png */ = {isa = PBXFileReference; lastKnownFileType = image.png; path = SlideToStop.png; sourceTree = "<group>"; };
		FAD84AD015BDFAF0007E4A6D /* SlideToStopBar.png */ = {isa = PBXFileReference; lastKnownFileType = image.png; path = SlideToStopBar.png; sourceTree = "<group>"; };
/* End PBXFileReference section */

/* Begin PBXFrameworksBuildPhase section */
		F16ADF7015AE3AF0001E4722 /* Frameworks */ = {
			isa = PBXFrameworksBuildPhase;
			buildActionMask = 2147483647;
			files = (
				F1441C4815C438280003DDBE /* MessageUI.framework in Frameworks */,
				F1CF678215C054900029E100 /* AVFoundation.framework in Frameworks */,
				F1CF677D15C047B00029E100 /* AudioToolbox.framework in Frameworks */,
				F16ADF7815AE3AF0001E4722 /* UIKit.framework in Frameworks */,
				F16ADF7A15AE3AF0001E4722 /* Foundation.framework in Frameworks */,
				F16ADF7C15AE3AF0001E4722 /* CoreGraphics.framework in Frameworks */,
			);
			runOnlyForDeploymentPostprocessing = 0;
		};
		F16ADF9015AE3AF0001E4722 /* Frameworks */ = {
			isa = PBXFrameworksBuildPhase;
			buildActionMask = 2147483647;
			files = (
				F16ADF9615AE3AF0001E4722 /* SenTestingKit.framework in Frameworks */,
				F16ADF9715AE3AF0001E4722 /* UIKit.framework in Frameworks */,
				F16ADF9815AE3AF0001E4722 /* Foundation.framework in Frameworks */,
			);
			runOnlyForDeploymentPostprocessing = 0;
		};
/* End PBXFrameworksBuildPhase section */

/* Begin PBXGroup section */
		F16ADF6815AE3AF0001E4722 = {
			isa = PBXGroup;
			children = (
				F16ADF7D15AE3AF0001E4722 /* VenueClassic */,
				F16ADF9B15AE3AF0001E4722 /* VenueClassicTests */,
				F16ADF7615AE3AF0001E4722 /* Frameworks */,
				F16ADF7415AE3AF0001E4722 /* Products */,
			);
			sourceTree = "<group>";
		};
		F16ADF7415AE3AF0001E4722 /* Products */ = {
			isa = PBXGroup;
			children = (
				F16ADF7315AE3AF0001E4722 /* VenueClassic.app */,
				F16ADF9415AE3AF0001E4722 /* VenueClassicTests.octest */,
			);
			name = Products;
			sourceTree = "<group>";
		};
		F16ADF7615AE3AF0001E4722 /* Frameworks */ = {
			isa = PBXGroup;
			children = (
				F1441C4715C438280003DDBE /* MessageUI.framework */,
				F1CF678115C054900029E100 /* AVFoundation.framework */,
				F1CF677C15C047AF0029E100 /* AudioToolbox.framework */,
				F16ADF7715AE3AF0001E4722 /* UIKit.framework */,
				F16ADF7915AE3AF0001E4722 /* Foundation.framework */,
				F16ADF7B15AE3AF0001E4722 /* CoreGraphics.framework */,
				F16ADF9515AE3AF0001E4722 /* SenTestingKit.framework */,
			);
			name = Frameworks;
			sourceTree = "<group>";
		};
		F16ADF7D15AE3AF0001E4722 /* VenueClassic */ = {
			isa = PBXGroup;
			children = (
				F126BAE415C7582900739C05 /* KeyboardExtensionAppDelegate.h */,
				F126BAE515C7582900739C05 /* KeyboardExtensionAppDelegate.m */,
				F16ADF8615AE3AF0001E4722 /* VenueClassicAppDelegate.h */,
				F16ADF8715AE3AF0001E4722 /* VenueClassicAppDelegate.m */,
				F193EA4015AF48B4001CA48E /* VenueClassicViewController.h */,
				F193EA4115AF48B4001CA48E /* VenueClassicViewController.m */,
				F193EA4715AF4987001CA48E /* InformationViewController.h */,
				F193EA4815AF4987001CA48E /* InformationViewController.m */,
				F1742C0815C9558B0020110F /* EndAppViewController.h */,
				F1742C0915C9558B0020110F /* EndAppViewController.m */,
				F1C41D6615B792F800B3CB88 /* DisplayViewController.h */,
				F1C41D6715B792F800B3CB88 /* DisplayViewController.m */,
				F1478C4A1632D14400C1AC2A /* Shift.h */,
				F1478C4B1632D14400C1AC2A /* Shift.m */,
				F16ADF8915AE3AF0001E4722 /* MainStoryboard.storyboard */,
				F16ADFAC15AE3B1E001E4722 /* images */,
				F16ADF7E15AE3AF0001E4722 /* Supporting Files */,
			);
			path = VenueClassic;
			sourceTree = "<group>";
		};
		F16ADF7E15AE3AF0001E4722 /* Supporting Files */ = {
			isa = PBXGroup;
			children = (
				F1971DC61635C93600A0A95F /* Venue_Classic.mobileprovision */,
				F1971DC31635C8BA00A0A95F /* ios_development.cer */,
				F1CF678315C0670D0029E100 /* MSCTY.mp3 */,
				F111E17B15B586CF00237E41 /* ios_development-1.cer */,
				F16ADF7F15AE3AF0001E4722 /* VenueClassic-Info.plist */,
				F16ADF8015AE3AF0001E4722 /* InfoPlist.strings */,
				F16ADF8315AE3AF0001E4722 /* main.m */,
				F16ADF8515AE3AF0001E4722 /* VenueClassic-Prefix.pch */,
			);
			name = "Supporting Files";
			sourceTree = "<group>";
		};
		F16ADF9B15AE3AF0001E4722 /* VenueClassicTests */ = {
			isa = PBXGroup;
			children = (
				F16ADFA115AE3AF0001E4722 /* VenueClassicTests.h */,
				F16ADFA215AE3AF0001E4722 /* VenueClassicTests.m */,
				F16ADF9C15AE3AF0001E4722 /* Supporting Files */,
			);
			path = VenueClassicTests;
			sourceTree = "<group>";
		};
		F16ADF9C15AE3AF0001E4722 /* Supporting Files */ = {
			isa = PBXGroup;
			children = (
				F16ADF9D15AE3AF0001E4722 /* VenueClassicTests-Info.plist */,
				F16ADF9E15AE3AF0001E4722 /* InfoPlist.strings */,
			);
			name = "Supporting Files";
			sourceTree = "<group>";
		};
		F16ADFAC15AE3B1E001E4722 /* images */ = {
			isa = PBXGroup;
			children = (
				F126BAE815C758E900739C05 /* blankdown.png */,
				F126BAE915C758E900739C05 /* blankUp.png */,
				FAD84ACE15BDFAF0007E4A6D /* lock_image.png */,
				FAD84ACF15BDFAF0007E4A6D /* SlideToStop.png */,
				F1A1F34F15C41DEB00FC44C8 /* donedown.png */,
				F1A1F34C15C41DE300FC44C8 /* doneup.png */,
				FAD84AD015BDFAF0007E4A6D /* SlideToStopBar.png */,
				F175116F15BABF5800B4A37F /* Icon-72.png */,
				F175117015BABF5800B4A37F /* Icon-72@2x.png */,
				F175117115BABF5800B4A37F /* Icon-Small-50.png */,
				F175117215BABF5800B4A37F /* Icon-Small-50@2x.png */,
				F175117315BABF5800B4A37F /* Icon-Small.png */,
				F175117415BABF5800B4A37F /* Icon-Small@2x.png */,
				F175117515BABF5800B4A37F /* Icon.png */,
				F175117615BABF5800B4A37F /* Icon@2x.png */,
				F1C41D6B15B8D1B100B3CB88 /* alarmon.png */,
				F193EA2015AEE5A8001CA48E /* beginshiftdown.png */,
				F1889A5D15B447D9007BD512 /* endshiftup.png */,
				F193EA2115AEE5A8001CA48E /* beginshiftup.png */,
				F193EA2315AEE5A8001CA48E /* endshiftdown.png */,
				F193EA2415AEE5A8001CA48E /* nextdown.png */,
				F193EA2515AEE5A8001CA48E /* nextup.png */,
				F193EA2615AEE5A8001CA48E /* reset.png */,
				F193EA2715AEE5A8001CA48E /* resetdown.png */,
				F193EA2815AEE5A8001CA48E /* resetup.png */,
				F193EA2915AEE5A8001CA48E /* startpauseresumedown.png */,
				F193EA2A15AEE5A8001CA48E /* startpauseresumeup.png */,
				F193EA2B15AEE5A8001CA48E /* stopnextdown.png */,
				F193EA2C15AEE5A8001CA48E /* stopnextup.png */,
				F16ADFB515AE3B4D001E4722 /* mainscreen.png */,
				F16ADFB715AE3B57001E4722 /* mainscreen@2x.png */,
				F16ADFB115AE3B46001E4722 /* Default.png */,
				F16ADFB215AE3B46001E4722 /* Default@2x.png */,
			);
			name = images;
			path = ..;
			sourceTree = "<group>";
		};
/* End PBXGroup section */

/* Begin PBXNativeTarget section */
		F16ADF7215AE3AF0001E4722 /* VenueClassic */ = {
			isa = PBXNativeTarget;
			buildConfigurationList = F16ADFA615AE3AF0001E4722 /* Build configuration list for PBXNativeTarget "VenueClassic" */;
			buildPhases = (
				F16ADF6F15AE3AF0001E4722 /* Sources */,
				F16ADF7015AE3AF0001E4722 /* Frameworks */,
				F16ADF7115AE3AF0001E4722 /* Resources */,
			);
			buildRules = (
			);
			dependencies = (
			);
			name = VenueClassic;
			productName = VenueClassic;
			productReference = F16ADF7315AE3AF0001E4722 /* VenueClassic.app */;
			productType = "com.apple.product-type.application";
		};
		F16ADF9315AE3AF0001E4722 /* VenueClassicTests */ = {
			isa = PBXNativeTarget;
			buildConfigurationList = F16ADFA915AE3AF0001E4722 /* Build configuration list for PBXNativeTarget "VenueClassicTests" */;
			buildPhases = (
				F16ADF8F15AE3AF0001E4722 /* Sources */,
				F16ADF9015AE3AF0001E4722 /* Frameworks */,
				F16ADF9115AE3AF0001E4722 /* Resources */,
				F16ADF9215AE3AF0001E4722 /* ShellScript */,
			);
			buildRules = (
			);
			dependencies = (
				F16ADF9A15AE3AF0001E4722 /* PBXTargetDependency */,
			);
			name = VenueClassicTests;
			productName = VenueClassicTests;
			productReference = F16ADF9415AE3AF0001E4722 /* VenueClassicTests.octest */;
			productType = "com.apple.product-type.bundle";
		};
/* End PBXNativeTarget section */

/* Begin PBXProject section */
		F16ADF6A15AE3AF0001E4722 /* Project object */ = {
			isa = PBXProject;
			attributes = {
				CLASSPREFIX = VenueClassic;
				LastUpgradeCheck = 0430;
				ORGANIZATIONNAME = "Worcester State College";
			};
			buildConfigurationList = F16ADF6D15AE3AF0001E4722 /* Build configuration list for PBXProject "VenueClassic" */;
			compatibilityVersion = "Xcode 3.2";
			developmentRegion = English;
			hasScannedForEncodings = 0;
			knownRegions = (
				en,
			);
			mainGroup = F16ADF6815AE3AF0001E4722;
			productRefGroup = F16ADF7415AE3AF0001E4722 /* Products */;
			projectDirPath = "";
			projectRoot = "";
			targets = (
				F16ADF7215AE3AF0001E4722 /* VenueClassic */,
				F16ADF9315AE3AF0001E4722 /* VenueClassicTests */,
			);
		};
/* End PBXProject section */

/* Begin PBXResourcesBuildPhase section */
		F16ADF7115AE3AF0001E4722 /* Resources */ = {
			isa = PBXResourcesBuildPhase;
			buildActionMask = 2147483647;
			files = (
				F16ADF8215AE3AF0001E4722 /* InfoPlist.strings in Resources */,
				F16ADF8B15AE3AF0001E4722 /* MainStoryboard.storyboard in Resources */,
				F16ADFB315AE3B46001E4722 /* Default.png in Resources */,
				F16ADFB415AE3B46001E4722 /* Default@2x.png in Resources */,
				F16ADFB615AE3B4D001E4722 /* mainscreen.png in Resources */,
				F16ADFB815AE3B57001E4722 /* mainscreen@2x.png in Resources */,
				F193EA2D15AEE5A8001CA48E /* beginshiftdown.png in Resources */,
				F193EA2E15AEE5A8001CA48E /* beginshiftup.png in Resources */,
				F193EA3015AEE5A8001CA48E /* endshiftdown.png in Resources */,
				F193EA3115AEE5A8001CA48E /* nextdown.png in Resources */,
				F193EA3215AEE5A8001CA48E /* nextup.png in Resources */,
				F193EA3315AEE5A8001CA48E /* reset.png in Resources */,
				F193EA3415AEE5A8001CA48E /* resetdown.png in Resources */,
				F193EA3515AEE5A8001CA48E /* resetup.png in Resources */,
				F193EA3615AEE5A8001CA48E /* startpauseresumedown.png in Resources */,
				F193EA3715AEE5A8001CA48E /* startpauseresumeup.png in Resources */,
				F193EA3815AEE5A8001CA48E /* stopnextdown.png in Resources */,
				F193EA3915AEE5A8001CA48E /* stopnextup.png in Resources */,
				F1889A5E15B447D9007BD512 /* endshiftup.png in Resources */,
				F1C41D6C15B8D1B100B3CB88 /* alarmon.png in Resources */,
				F175117715BABF5800B4A37F /* Icon-72.png in Resources */,
				F175117815BABF5800B4A37F /* Icon-72@2x.png in Resources */,
				F175117915BABF5800B4A37F /* Icon-Small-50.png in Resources */,
				F175117A15BABF5800B4A37F /* Icon-Small-50@2x.png in Resources */,
				F175117B15BABF5800B4A37F /* Icon-Small.png in Resources */,
				F175117C15BABF5800B4A37F /* Icon-Small@2x.png in Resources */,
				F175117D15BABF5800B4A37F /* Icon.png in Resources */,
				F175117E15BABF5800B4A37F /* Icon@2x.png in Resources */,
				FAD84AD115BDFAF0007E4A6D /* lock_image.png in Resources */,
				FAD84AD215BDFAF0007E4A6D /* SlideToStop.png in Resources */,
				FAD84AD315BDFAF0007E4A6D /* SlideToStopBar.png in Resources */,
				F1CF678415C0670D0029E100 /* MSCTY.mp3 in Resources */,
				F1A1F34D15C41DE300FC44C8 /* doneup.png in Resources */,
				F1A1F35015C41DEB00FC44C8 /* donedown.png in Resources */,
				F126BAEA15C758E900739C05 /* blankdown.png in Resources */,
				F126BAEB15C758E900739C05 /* blankUp.png in Resources */,
			);
			runOnlyForDeploymentPostprocessing = 0;
		};
		F16ADF9115AE3AF0001E4722 /* Resources */ = {
			isa = PBXResourcesBuildPhase;
			buildActionMask = 2147483647;
			files = (
				F16ADFA015AE3AF0001E4722 /* InfoPlist.strings in Resources */,
				F111E17C15B586CF00237E41 /* ios_development-1.cer in Resources */,
				F1971DC41635C8BA00A0A95F /* ios_development.cer in Resources */,
				F1971DC71635C93600A0A95F /* Venue_Classic.mobileprovision in Resources */,
			);
			runOnlyForDeploymentPostprocessing = 0;
		};
/* End PBXResourcesBuildPhase section */

/* Begin PBXShellScriptBuildPhase section */
		F16ADF9215AE3AF0001E4722 /* ShellScript */ = {
			isa = PBXShellScriptBuildPhase;
			buildActionMask = 2147483647;
			files = (
			);
			inputPaths = (
			);
			outputPaths = (
			);
			runOnlyForDeploymentPostprocessing = 0;
			shellPath = /bin/sh;
			shellScript = "# Run the unit tests in this test bundle.\n\"${SYSTEM_DEVELOPER_DIR}/Tools/RunUnitTests\"\n";
		};
/* End PBXShellScriptBuildPhase section */

/* Begin PBXSourcesBuildPhase section */
		F16ADF6F15AE3AF0001E4722 /* Sources */ = {
			isa = PBXSourcesBuildPhase;
			buildActionMask = 2147483647;
			files = (
				F126BAE715C7583800739C05 /* KeyboardExtensionAppDelegate.m in Sources */,
				F1C41D6A15B793AA00B3CB88 /* DisplayViewController.m in Sources */,
				F16ADF8415AE3AF0001E4722 /* main.m in Sources */,
				F16ADF8815AE3AF0001E4722 /* VenueClassicAppDelegate.m in Sources */,
				F193EA4215AF48B4001CA48E /* VenueClassicViewController.m in Sources */,
				F193EA4915AF4987001CA48E /* InformationViewController.m in Sources */,
				F1742C0A15C9558B0020110F /* EndAppViewController.m in Sources */,
				F1478C4C1632D14400C1AC2A /* Shift.m in Sources */,
			);
			runOnlyForDeploymentPostprocessing = 0;
		};
		F16ADF8F15AE3AF0001E4722 /* Sources */ = {
			isa = PBXSourcesBuildPhase;
			buildActionMask = 2147483647;
			files = (
				F16ADFA315AE3AF0001E4722 /* VenueClassicTests.m in Sources */,
				F1C41D6815B792F800B3CB88 /* DisplayViewController.m in Sources */,
				F126BAE615C7582900739C05 /* KeyboardExtensionAppDelegate.m in Sources */,
			);
			runOnlyForDeploymentPostprocessing = 0;
		};
/* End PBXSourcesBuildPhase section */

/* Begin PBXTargetDependency section */
		F16ADF9A15AE3AF0001E4722 /* PBXTargetDependency */ = {
			isa = PBXTargetDependency;
			target = F16ADF7215AE3AF0001E4722 /* VenueClassic */;
			targetProxy = F16ADF9915AE3AF0001E4722 /* PBXContainerItemProxy */;
		};
/* End PBXTargetDependency section */

/* Begin PBXVariantGroup section */
		F16ADF8015AE3AF0001E4722 /* InfoPlist.strings */ = {
			isa = PBXVariantGroup;
			children = (
				F16ADF8115AE3AF0001E4722 /* en */,
			);
			name = InfoPlist.strings;
			sourceTree = "<group>";
		};
		F16ADF8915AE3AF0001E4722 /* MainStoryboard.storyboard */ = {
			isa = PBXVariantGroup;
			children = (
				F16ADF8A15AE3AF0001E4722 /* en */,
			);
			name = MainStoryboard.storyboard;
			sourceTree = "<group>";
		};
		F16ADF9E15AE3AF0001E4722 /* InfoPlist.strings */ = {
			isa = PBXVariantGroup;
			children = (
				F16ADF9F15AE3AF0001E4722 /* en */,
			);
			name = InfoPlist.strings;
			sourceTree = "<group>";
		};
/* End PBXVariantGroup section */

/* Begin XCBuildConfiguration section */
		F16ADFA415AE3AF0001E4722 /* Debug */ = {
			isa = XCBuildConfiguration;
			buildSettings = {
				ALWAYS_SEARCH_USER_PATHS = NO;
				ARCHS = "$(ARCHS_STANDARD_32_BIT)";
				CLANG_ENABLE_OBJC_ARC = YES;
				"CODE_SIGN_IDENTITY[sdk=iphoneos*]" = "iPhone Developer";
				COPY_PHASE_STRIP = NO;
				GCC_C_LANGUAGE_STANDARD = gnu99;
				GCC_DYNAMIC_NO_PIC = NO;
				GCC_OPTIMIZATION_LEVEL = 0;
				GCC_PREPROCESSOR_DEFINITIONS = (
					"DEBUG=1",
					"$(inherited)",
				);
				GCC_SYMBOLS_PRIVATE_EXTERN = NO;
				GCC_VERSION = com.apple.compilers.llvm.clang.1_0;
				GCC_WARN_ABOUT_RETURN_TYPE = YES;
				GCC_WARN_UNINITIALIZED_AUTOS = YES;
				GCC_WARN_UNUSED_VARIABLE = YES;
				IPHONEOS_DEPLOYMENT_TARGET = 5.1;
				SDKROOT = iphoneos;
			};
			name = Debug;
		};
		F16ADFA515AE3AF0001E4722 /* Release */ = {
			isa = XCBuildConfiguration;
			buildSettings = {
				ALWAYS_SEARCH_USER_PATHS = NO;
				ARCHS = "$(ARCHS_STANDARD_32_BIT)";
				CLANG_ENABLE_OBJC_ARC = YES;
				"CODE_SIGN_IDENTITY[sdk=iphoneos*]" = "iPhone Developer";
				COPY_PHASE_STRIP = YES;
				GCC_C_LANGUAGE_STANDARD = gnu99;
				GCC_VERSION = com.apple.compilers.llvm.clang.1_0;
				GCC_WARN_ABOUT_RETURN_TYPE = YES;
				GCC_WARN_UNINITIALIZED_AUTOS = YES;
				GCC_WARN_UNUSED_VARIABLE = YES;
				IPHONEOS_DEPLOYMENT_TARGET = 5.1;
				OTHER_CFLAGS = "-DNS_BLOCK_ASSERTIONS=1";
				SDKROOT = iphoneos;
				VALIDATE_PRODUCT = YES;
			};
			name = Release;
		};
		F16ADFA715AE3AF0001E4722 /* Debug */ = {
			isa = XCBuildConfiguration;
			buildSettings = {
				GCC_PRECOMPILE_PREFIX_HEADER = YES;
				GCC_PREFIX_HEADER = "VenueClassic/VenueClassic-Prefix.pch";
				INFOPLIST_FILE = "VenueClassic/VenueClassic-Info.plist";
				IPHONEOS_DEPLOYMENT_TARGET = 5.1;
				PRODUCT_NAME = "$(TARGET_NAME)";
				WRAPPER_EXTENSION = app;
			};
			name = Debug;
		};
		F16ADFA815AE3AF0001E4722 /* Release */ = {
			isa = XCBuildConfiguration;
			buildSettings = {
				GCC_PRECOMPILE_PREFIX_HEADER = YES;
				GCC_PREFIX_HEADER = "VenueClassic/VenueClassic-Prefix.pch";
				INFOPLIST_FILE = "VenueClassic/VenueClassic-Info.plist";
				IPHONEOS_DEPLOYMENT_TARGET = 5.1;
				PRODUCT_NAME = "$(TARGET_NAME)";
				WRAPPER_EXTENSION = app;
			};
			name = Release;
		};
		F16ADFAA15AE3AF0001E4722 /* Debug */ = {
			isa = XCBuildConfiguration;
			buildSettings = {
				BUNDLE_LOADER = "$(BUILT_PRODUCTS_DIR)/VenueClassic.app/VenueClassic";
				FRAMEWORK_SEARCH_PATHS = (
					"$(SDKROOT)/Developer/Library/Frameworks",
					"$(DEVELOPER_LIBRARY_DIR)/Frameworks",
				);
				GCC_PRECOMPILE_PREFIX_HEADER = YES;
				GCC_PREFIX_HEADER = "VenueClassic/VenueClassic-Prefix.pch";
				INFOPLIST_FILE = "VenueClassicTests/VenueClassicTests-Info.plist";
				PRODUCT_NAME = "$(TARGET_NAME)";
				TEST_HOST = "$(BUNDLE_LOADER)";
				WRAPPER_EXTENSION = octest;
			};
			name = Debug;
		};
		F16ADFAB15AE3AF0001E4722 /* Release */ = {
			isa = XCBuildConfiguration;
			buildSettings = {
				BUNDLE_LOADER = "$(BUILT_PRODUCTS_DIR)/VenueClassic.app/VenueClassic";
				FRAMEWORK_SEARCH_PATHS = (
					"$(SDKROOT)/Developer/Library/Frameworks",
					"$(DEVELOPER_LIBRARY_DIR)/Frameworks",
				);
				GCC_PRECOMPILE_PREFIX_HEADER = YES;
				GCC_PREFIX_HEADER = "VenueClassic/VenueClassic-Prefix.pch";
				INFOPLIST_FILE = "VenueClassicTests/VenueClassicTests-Info.plist";
				PRODUCT_NAME = "$(TARGET_NAME)";
				TEST_HOST = "$(BUNDLE_LOADER)";
				WRAPPER_EXTENSION = octest;
			};
			name = Release;
		};
/* End XCBuildConfiguration section */

/* Begin XCConfigurationList section */
		F16ADF6D15AE3AF0001E4722 /* Build configuration list for PBXProject "VenueClassic" */ = {
			isa = XCConfigurationList;
			buildConfigurations = (
				F16ADFA415AE3AF0001E4722 /* Debug */,
				F16ADFA515AE3AF0001E4722 /* Release */,
			);
			defaultConfigurationIsVisible = 0;
			defaultConfigurationName = Release;
		};
		F16ADFA615AE3AF0001E4722 /* Build configuration list for PBXNativeTarget "VenueClassic" */ = {
			isa = XCConfigurationList;
			buildConfigurations = (
				F16ADFA715AE3AF0001E4722 /* Debug */,
				F16ADFA815AE3AF0001E4722 /* Release */,
			);
			defaultConfigurationIsVisible = 0;
			defaultConfigurationName = Release;
		};
		F16ADFA915AE3AF0001E4722 /* Build configuration list for PBXNativeTarget "VenueClassicTests" */ = {
			isa = XCConfigurationList;
			buildConfigurations = (
				F16ADFAA15AE3AF0001E4722 /* Debug */,
				F16ADFAB15AE3AF0001E4722 /* Release */,
			);
			defaultConfigurationIsVisible = 0;
			defaultConfigurationName = Release;
		};
/* End XCConfigurationList section */
	};
	rootObject = F16ADF6A15AE3AF0001E4722 /* Project object */;
}
